
Microsoft Visual Studio Solution File, Format Version 12.00
# Visual Studio Version 16
VisualStudioVersion = 16.0.30011.22
MinimumVisualStudioVersion = 10.0.40219.1
Project("{FAE04EC0-301F-11D3-BF4B-00C04F79EFBC}") = "Vaccine (final project)", "Vaccine (final project).csproj", "{1755343F-F9AF-4657-86BC-35A1794DA655}"
EndProject
Global
	GlobalSection(SolutionConfigurationPlatforms) = preSolution
		Debug|Any CPU = Debug|Any CPU
		Release|Any CPU = Release|Any CPU
	EndGlobalSection
	GlobalSection(ProjectConfigurationPlatforms) = postSolution
		{1755343F-F9AF-4657-86BC-35A1794DA655}.Debug|Any CPU.ActiveCfg = Debug|Any CPU
		{1755343F-F9AF-4657-86BC-35A1794DA655}.Debug|Any CPU.Build.0 = Debug|Any CPU
		{1755343F-F9AF-4657-86BC-35A1794DA655}.Release|Any CPU.ActiveCfg = Release|Any CPU
		{1755343F-F9AF-4657-86BC-35A1794DA655}.Release|Any CPU.Build.0 = Release|Any CPU
	EndGlobalSection
	GlobalSection(SolutionProperties) = preSolution
		HideSolutionNode = FALSE
	EndGlobalSection
	GlobalSection(ExtensibilityGlobals) = postSolution
		SolutionGuid = {D759A9C6-D910-4387-9D00-F2B2F675143D}
	EndGlobalSection
EndGlobal
